// !$*UTF8*$!
{
	archiveVersion = 1;
	classes = {
	};
	objectVersion = 46;
	objects = {

/* Begin PBXBuildFile section */
		1AD361191F4461FC00B6125B /* AppDelegate.swift in Sources */ = {isa = PBXBuildFile; fileRef = 1AD361181F4461FC00B6125B /* AppDelegate.swift */; };
		1AD3611C1F4461FC00B6125B /* ISE_Assignment1.xcdatamodeld in Sources */ = {isa = PBXBuildFile; fileRef = 1AD3611A1F4461FC00B6125B /* ISE_Assignment1.xcdatamodeld */; };
		1AD3611E1F4461FC00B6125B /* MasterViewController.swift in Sources */ = {isa = PBXBuildFile; fileRef = 1AD3611D1F4461FC00B6125B /* MasterViewController.swift */; };
		1AD361201F4461FC00B6125B /* DetailViewController.swift in Sources */ = {isa = PBXBuildFile; fileRef = 1AD3611F1F4461FC00B6125B /* DetailViewController.swift */; };
		1AD361231F4461FC00B6125B /* Main.storyboard in Resources */ = {isa = PBXBuildFile; fileRef = 1AD361211F4461FC00B6125B /* Main.storyboard */; };
		1AD361251F4461FC00B6125B /* Assets.xcassets in Resources */ = {isa = PBXBuildFile; fileRef = 1AD361241F4461FC00B6125B /* Assets.xcassets */; };
		1AD361281F4461FC00B6125B /* LaunchScreen.storyboard in Resources */ = {isa = PBXBuildFile; fileRef = 1AD361261F4461FC00B6125B /* LaunchScreen.storyboard */; };
		1AD361331F4461FC00B6125B /* ISE_Assignment1Tests.swift in Sources */ = {isa = PBXBuildFile; fileRef = 1AD361321F4461FC00B6125B /* ISE_Assignment1Tests.swift */; };
		1AD3613E1F4461FC00B6125B /* ISE_Assignment1UITests.swift in Sources */ = {isa = PBXBuildFile; fileRef = 1AD3613D1F4461FC00B6125B /* ISE_Assignment1UITests.swift */; };
/* End PBXBuildFile section */

/* Begin PBXContainerItemProxy section */
		1AD3612F1F4461FC00B6125B /* PBXContainerItemProxy */ = {
			isa = PBXContainerItemProxy;
			containerPortal = 1AD3610D1F4461FC00B6125B /* Project object */;
			proxyType = 1;
			remoteGlobalIDString = 1AD361141F4461FC00B6125B;
			remoteInfo = ISE_Assignment1;
		};
		1AD3613A1F4461FC00B6125B /* PBXContainerItemProxy */ = {
			isa = PBXContainerItemProxy;
			containerPortal = 1AD3610D1F4461FC00B6125B /* Project object */;
			proxyType = 1;
			remoteGlobalIDString = 1AD361141F4461FC00B6125B;
			remoteInfo = ISE_Assignment1;
		};
/* End PBXContainerItemProxy section */

/* Begin PBXFileReference section */
		1AD361151F4461FC00B6125B /* ISE_Assignment1.app */ = {isa = PBXFileReference; explicitFileType = wrapper.application; includeInIndex = 0; path = ISE_Assignment1.app; sourceTree = BUILT_PRODUCTS_DIR; };
		1AD361181F4461FC00B6125B /* AppDelegate.swift */ = {isa = PBXFileReference; lastKnownFileType = sourcecode.swift; path = AppDelegate.swift; sourceTree = "<group>"; };
		1AD3611B1F4461FC00B6125B /* ISE_Assignment1.xcdatamodel */ = {isa = PBXFileReference; lastKnownFileType = wrapper.xcdatamodel; path = ISE_Assignment1.xcdatamodel; sourceTree = "<group>"; };
		1AD3611D1F4461FC00B6125B /* MasterViewController.swift */ = {isa = PBXFileReference; lastKnownFileType = sourcecode.swift; path = MasterViewController.swift; sourceTree = "<group>"; };
		1AD3611F1F4461FC00B6125B /* DetailViewController.swift */ = {isa = PBXFileReference; lastKnownFileType = sourcecode.swift; path = DetailViewController.swift; sourceTree = "<group>"; };
		1AD361221F4461FC00B6125B /* Base */ = {isa = PBXFileReference; lastKnownFileType = file.storyboard; name = Base; path = Base.lproj/Main.storyboard; sourceTree = "<group>"; };
		1AD361241F4461FC00B6125B /* Assets.xcassets */ = {isa = PBXFileReference; lastKnownFileType = folder.assetcatalog; path = Assets.xcassets; sourceTree = "<group>"; };
		1AD361271F4461FC00B6125B /* Base */ = {isa = PBXFileReference; lastKnownFileType = file.storyboard; name = Base; path = Base.lproj/LaunchScreen.storyboard; sourceTree = "<group>"; };
		1AD361291F4461FC00B6125B /* Info.plist */ = {isa = PBXFileReference; lastKnownFileType = text.plist.xml; path = Info.plist; sourceTree = "<group>"; };
		1AD3612E1F4461FC00B6125B /* ISE_Assignment1Tests.xctest */ = {isa = PBXFileReference; explicitFileType = wrapper.cfbundle; includeInIndex = 0; path = ISE_Assignment1Tests.xctest; sourceTree = BUILT_PRODUCTS_DIR; };
		1AD361321F4461FC00B6125B /* ISE_Assignment1Tests.swift */ = {isa = PBXFileReference; lastKnownFileType = sourcecode.swift; path = ISE_Assignment1Tests.swift; sourceTree = "<group>"; };
		1AD361341F4461FC00B6125B /* Info.plist */ = {isa = PBXFileReference; lastKnownFileType = text.plist.xml; path = Info.plist; sourceTree = "<group>"; };
		1AD361391F4461FC00B6125B /* ISE_Assignment1UITests.xctest */ = {isa = PBXFileReference; explicitFileType = wrapper.cfbundle; includeInIndex = 0; path = ISE_Assignment1UITests.xctest; sourceTree = BUILT_PRODUCTS_DIR; };
		1AD3613D1F4461FC00B6125B /* ISE_Assignment1UITests.swift */ = {isa = PBXFileReference; lastKnownFileType = sourcecode.swift; path = ISE_Assignment1UITests.swift; sourceTree = "<group>"; };
		1AD3613F1F4461FC00B6125B /* Info.plist */ = {isa = PBXFileReference; lastKnownFileType = text.plist.xml; path = Info.plist; sourceTree = "<group>"; };
/* End PBXFileReference section */

/* Begin PBXFrameworksBuildPhase section */
		1AD361121F4461FC00B6125B /* Frameworks */ = {
			isa = PBXFrameworksBuildPhase;
			buildActionMask = 2147483647;
			files = (
			);
			runOnlyForDeploymentPostprocessing = 0;
		};
		1AD3612B1F4461FC00B6125B /* Frameworks */ = {
			isa = PBXFrameworksBuildPhase;
			buildActionMask = 2147483647;
			files = (
			);
			runOnlyForDeploymentPostprocessing = 0;
		};
		1AD361361F4461FC00B6125B /* Frameworks */ = {
			isa = PBXFrameworksBuildPhase;
			buildActionMask = 2147483647;
			files = (
			);
			runOnlyForDeploymentPostprocessing = 0;
		};
/* End PBXFrameworksBuildPhase section */

/* Begin PBXGroup section */
		1AD3610C1F4461FC00B6125B = {
			isa = PBXGroup;
			children = (
				1AD361171F4461FC00B6125B /* ISE_Assignment1 */,
				1AD361311F4461FC00B6125B /* ISE_Assignment1Tests */,
				1AD3613C1F4461FC00B6125B /* ISE_Assignment1UITests */,
				1AD361161F4461FC00B6125B /* Products */,
			);
			sourceTree = "<group>";
		};
		1AD361161F4461FC00B6125B /* Products */ = {
			isa = PBXGroup;
			children = (
				1AD361151F4461FC00B6125B /* ISE_Assignment1.app */,
				1AD3612E1F4461FC00B6125B /* ISE_Assignment1Tests.xctest */,
				1AD361391F4461FC00B6125B /* ISE_Assignment1UITests.xctest */,
			);
			name = Products;
			sourceTree = "<group>";
		};
		1AD361171F4461FC00B6125B /* ISE_Assignment1 */ = {
			isa = PBXGroup;
			children = (
				1AD361181F4461FC00B6125B /* AppDelegate.swift */,
				1AD3611D1F4461FC00B6125B /* MasterViewController.swift */,
				1AD3611F1F4461FC00B6125B /* DetailViewController.swift */,
				1AD361211F4461FC00B6125B /* Main.storyboard */,
				1AD361241F4461FC00B6125B /* Assets.xcassets */,
				1AD361261F4461FC00B6125B /* LaunchScreen.storyboard */,
				1AD361291F4461FC00B6125B /* Info.plist */,
				1AD3611A1F4461FC00B6125B /* ISE_Assignment1.xcdatamodeld */,
			);
			path = ISE_Assignment1;
			sourceTree = "<group>";
		};
		1AD361311F4461FC00B6125B /* ISE_Assignment1Tests */ = {
			isa = PBXGroup;
			children = (
				1AD361321F4461FC00B6125B /* ISE_Assignment1Tests.swift */,
				1AD361341F4461FC00B6125B /* Info.plist */,
			);
			path = ISE_Assignment1Tests;
			sourceTree = "<group>";
		};
		1AD3613C1F4461FC00B6125B /* ISE_Assignment1UITests */ = {
			isa = PBXGroup;
			children = (
				1AD3613D1F4461FC00B6125B /* ISE_Assignment1UITests.swift */,
				1AD3613F1F4461FC00B6125B /* Info.plist */,
			);
			path = ISE_Assignment1UITests;
			sourceTree = "<group>";
		};
/* End PBXGroup section */

/* Begin PBXNativeTarget section */
		1AD361141F4461FC00B6125B /* ISE_Assignment1 */ = {
			isa = PBXNativeTarget;
			buildConfigurationList = 1AD361421F4461FC00B6125B /* Build configuration list for PBXNativeTarget "ISE_Assignment1" */;
			buildPhases = (
				1AD361111F4461FC00B6125B /* Sources */,
				1AD361121F4461FC00B6125B /* Frameworks */,
				1AD361131F4461FC00B6125B /* Resources */,
			);
			buildRules = (
			);
			dependencies = (
			);
			name = ISE_Assignment1;
			productName = ISE_Assignment1;
			productReference = 1AD361151F4461FC00B6125B /* ISE_Assignment1.app */;
			productType = "com.apple.product-type.application";
		};
		1AD3612D1F4461FC00B6125B /* ISE_Assignment1Tests */ = {
			isa = PBXNativeTarget;
			buildConfigurationList = 1AD361451F4461FC00B6125B /* Build configuration list for PBXNativeTarget "ISE_Assignment1Tests" */;
			buildPhases = (
				1AD3612A1F4461FC00B6125B /* Sources */,
				1AD3612B1F4461FC00B6125B /* Frameworks */,
				1AD3612C1F4461FC00B6125B /* Resources */,
			);
			buildRules = (
			);
			dependencies = (
				1AD361301F4461FC00B6125B /* PBXTargetDependency */,
			);
			name = ISE_Assignment1Tests;
			productName = ISE_Assignment1Tests;
			productReference = 1AD3612E1F4461FC00B6125B /* ISE_Assignment1Tests.xctest */;
			productType = "com.apple.product-type.bundle.unit-test";
		};
		1AD361381F4461FC00B6125B /* ISE_Assignment1UITests */ = {
			isa = PBXNativeTarget;
			buildConfigurationList = 1AD361481F4461FC00B6125B /* Build configuration list for PBXNativeTarget "ISE_Assignment1UITests" */;
			buildPhases = (
				1AD361351F4461FC00B6125B /* Sources */,
				1AD361361F4461FC00B6125B /* Frameworks */,
				1AD361371F4461FC00B6125B /* Resources */,
			);
			buildRules = (
			);
			dependencies = (
				1AD3613B1F4461FC00B6125B /* PBXTargetDependency */,
			);
			name = ISE_Assignment1UITests;
			productName = ISE_Assignment1UITests;
			productReference = 1AD361391F4461FC00B6125B /* ISE_Assignment1UITests.xctest */;
			productType = "com.apple.product-type.bundle.ui-testing";
		};
/* End PBXNativeTarget section */

/* Begin PBXProject section */
		1AD3610D1F4461FC00B6125B /* Project object */ = {
			isa = PBXProject;
			attributes = {
				LastSwiftUpdateCheck = 0830;
				LastUpgradeCheck = 0830;
				ORGANIZATIONNAME = "Xuyang Zheng";
				TargetAttributes = {
					1AD361141F4461FC00B6125B = {
						CreatedOnToolsVersion = 8.3.3;
						DevelopmentTeam = DY5859UN44;
						ProvisioningStyle = Automatic;
					};
					1AD3612D1F4461FC00B6125B = {
						CreatedOnToolsVersion = 8.3.3;
						DevelopmentTeam = DY5859UN44;
						ProvisioningStyle = Automatic;
						TestTargetID = 1AD361141F4461FC00B6125B;
					};
					1AD361381F4461FC00B6125B = {
						CreatedOnToolsVersion = 8.3.3;
						DevelopmentTeam = DY5859UN44;
						ProvisioningStyle = Automatic;
						TestTargetID = 1AD361141F4461FC00B6125B;
					};
				};
			};
			buildConfigurationList = 1AD361101F4461FC00B6125B /* Build configuration list for PBXProject "ISE_Assignment1" */;
			compatibilityVersion = "Xcode 3.2";
			developmentRegion = English;
			hasScannedForEncodings = 0;
			knownRegions = (
				en,
				Base,
			);
			mainGroup = 1AD3610C1F4461FC00B6125B;
			productRefGroup = 1AD361161F4461FC00B6125B /* Products */;
			projectDirPath = "";
			projectRoot = "";
			targets = (
				1AD361141F4461FC00B6125B /* ISE_Assignment1 */,
				1AD3612D1F4461FC00B6125B /* ISE_Assignment1Tests */,
				1AD361381F4461FC00B6125B /* ISE_Assignment1UITests */,
			);
		};
/* End PBXProject section */

/* Begin PBXResourcesBuildPhase section */
		1AD361131F4461FC00B6125B /* Resources */ = {
			isa = PBXResourcesBuildPhase;
			buildActionMask = 2147483647;
			files = (
				1AD361281F4461FC00B6125B /* LaunchScreen.storyboard in Resources */,
				1AD361251F4461FC00B6125B /* Assets.xcassets in Resources */,
				1AD361231F4461FC00B6125B /* Main.storyboard in Resources */,
			);
			runOnlyForDeploymentPostprocessing = 0;
		};
		1AD3612C1F4461FC00B6125B /* Resources */ = {
			isa = PBXResourcesBuildPhase;
			buildActionMask = 2147483647;
			files = (
			);
			runOnlyForDeploymentPostprocessing = 0;
		};
		1AD361371F4461FC00B6125B /* Resources */ = {
			isa = PBXResourcesBuildPhase;
			buildActionMask = 2147483647;
			files = (
			);
			runOnlyForDeploymentPostprocessing = 0;
		};
/* End PBXResourcesBuildPhase section */

/* Begin PBXSourcesBuildPhase section */
		1AD361111F4461FC00B6125B /* Sources */ = {
			isa = PBXSourcesBuildPhase;
			buildActionMask = 2147483647;
			files = (
				1AD3611C1F4461FC00B6125B /* ISE_Assignment1.xcdatamodeld in Sources */,
				1AD361191F4461FC00B6125B /* AppDelegate.swift in Sources */,
				1AD3611E1F4461FC00B6125B /* MasterViewController.swift in Sources */,
				1AD361201F4461FC00B6125B /* DetailViewController.swift in Sources */,
			);
			runOnlyForDeploymentPostprocessing = 0;
		};
		1AD3612A1F4461FC00B6125B /* Sources */ = {
			isa = PBXSourcesBuildPhase;
			buildActionMask = 2147483647;
			files = (
				1AD361331F4461FC00B6125B /* ISE_Assignment1Tests.swift in Sources */,
			);
			runOnlyForDeploymentPostprocessing = 0;
		};
		1AD361351F4461FC00B6125B /* Sources */ = {
			isa = PBXSourcesBuildPhase;
			buildActionMask = 2147483647;
			files = (
				1AD3613E1F4461FC00B6125B /* ISE_Assignment1UITests.swift in Sources */,
			);
			runOnlyForDeploymentPostprocessing = 0;
		};
/* End PBXSourcesBuildPhase section */

/* Begin PBXTargetDependency section */
		1AD361301F4461FC00B6125B /* PBXTargetDependency */ = {
			isa = PBXTargetDependency;
			target = 1AD361141F4461FC00B6125B /* ISE_Assignment1 */;
			targetProxy = 1AD3612F1F4461FC00B6125B /* PBXContainerItemProxy */;
		};
		1AD3613B1F4461FC00B6125B /* PBXTargetDependency */ = {
			isa = PBXTargetDependency;
			target = 1AD361141F4461FC00B6125B /* ISE_Assignment1 */;
			targetProxy = 1AD3613A1F4461FC00B6125B /* PBXContainerItemProxy */;
		};
/* End PBXTargetDependency section */

/* Begin PBXVariantGroup section */
		1AD361211F4461FC00B6125B /* Main.storyboard */ = {
			isa = PBXVariantGroup;
			children = (
				1AD361221F4461FC00B6125B /* Base */,
			);
			name = Main.storyboard;
			sourceTree = "<group>";
		};
		1AD361261F4461FC00B6125B /* LaunchScreen.storyboard */ = {
			isa = PBXVariantGroup;
			children = (
				1AD361271F4461FC00B6125B /* Base */,
			);
			name = LaunchScreen.storyboard;
			sourceTree = "<group>";
		};
/* End PBXVariantGroup section */

/* Begin XCBuildConfiguration section */
		1AD361401F4461FC00B6125B /* Debug */ = {
			isa = XCBuildConfiguration;
			buildSettings = {
				ALWAYS_SEARCH_USER_PATHS = NO;
				CLANG_ANALYZER_NONNULL = YES;
				CLANG_ANALYZER_NUMBER_OBJECT_CONVERSION = YES_AGGRESSIVE;
				CLANG_CXX_LANGUAGE_STANDARD = "gnu++0x";
				CLANG_CXX_LIBRARY = "libc++";
				CLANG_ENABLE_MODULES = YES;
				CLANG_ENABLE_OBJC_ARC = YES;
				CLANG_WARN_BOOL_CONVERSION = YES;
				CLANG_WARN_CONSTANT_CONVERSION = YES;
				CLANG_WARN_DIRECT_OBJC_ISA_USAGE = YES_ERROR;
				CLANG_WARN_DOCUMENTATION_COMMENTS = YES;
				CLANG_WARN_EMPTY_BODY = YES;
				CLANG_WARN_ENUM_CONVERSION = YES;
				CLANG_WARN_INFINITE_RECURSION = YES;
				CLANG_WARN_INT_CONVERSION = YES;
				CLANG_WARN_OBJC_ROOT_CLASS = YES_ERROR;
				CLANG_WARN_SUSPICIOUS_MOVE = YES;
				CLANG_WARN_UNREACHABLE_CODE = YES;
				CLANG_WARN__DUPLICATE_METHOD_MATCH = YES;
				"CODE_SIGN_IDENTITY[sdk=iphoneos*]" = "iPhone Developer";
				COPY_PHASE_STRIP = NO;
				DEBUG_INFORMATION_FORMAT = dwarf;
				ENABLE_STRICT_OBJC_MSGSEND = YES;
				ENABLE_TESTABILITY = YES;
				GCC_C_LANGUAGE_STANDARD = gnu99;
				GCC_DYNAMIC_NO_PIC = NO;
				GCC_NO_COMMON_BLOCKS = YES;
				GCC_OPTIMIZATION_LEVEL = 0;
				GCC_PREPROCESSOR_DEFINITIONS = (
					"DEBUG=1",
					"$(inherited)",
				);
				GCC_WARN_64_TO_32_BIT_CONVERSION = YES;
				GCC_WARN_ABOUT_RETURN_TYPE = YES_ERROR;
				GCC_WARN_UNDECLARED_SELECTOR = YES;
				GCC_WARN_UNINITIALIZED_AUTOS = YES_AGGRESSIVE;
				GCC_WARN_UNUSED_FUNCTION = YES;
				GCC_WARN_UNUSED_VARIABLE = YES;
				IPHONEOS_DEPLOYMENT_TARGET = 10.3;
				MTL_ENABLE_DEBUG_INFO = YES;
				ONLY_ACTIVE_ARCH = YES;
				SDKROOT = iphoneos;
				SWIFT_ACTIVE_COMPILATION_CONDITIONS = DEBUG;
				SWIFT_OPTIMIZATION_LEVEL = "-Onone";
				TARGETED_DEVICE_FAMILY = "1,2";
			};
			name = Debug;
		};
		1AD361411F4461FC00B6125B /* Release */ = {
			isa = XCBuildConfiguration;
			buildSettings = {
				ALWAYS_SEARCH_USER_PATHS = NO;
				CLANG_ANALYZER_NONNULL = YES;
				CLANG_ANALYZER_NUMBER_OBJECT_CONVERSION = YES_AGGRESSIVE;
				CLANG_CXX_LANGUAGE_STANDARD = "gnu++0x";
				CLANG_CXX_LIBRARY = "libc++";
				CLANG_ENABLE_MODULES = YES;
				CLANG_ENABLE_OBJC_ARC = YES;
				CLANG_WARN_BOOL_CONVERSION = YES;
				CLANG_WARN_CONSTANT_CONVERSION = YES;
				CLANG_WARN_DIRECT_OBJC_ISA_USAGE = YES_ERROR;
				CLANG_WARN_DOCUMENTATION_COMMENTS = YES;
				CLANG_WARN_EMPTY_BODY = YES;
				CLANG_WARN_ENUM_CONVERSION = YES;
				CLANG_WARN_INFINITE_RECURSION = YES;
				CLANG_WARN_INT_CONVERSION = YES;
				CLANG_WARN_OBJC_ROOT_CLASS = YES_ERROR;
				CLANG_WARN_SUSPICIOUS_MOVE = YES;
				CLANG_WARN_UNREACHABLE_CODE = YES;
				CLANG_WARN__DUPLICATE_METHOD_MATCH = YES;
				"CODE_SIGN_IDENTITY[sdk=iphoneos*]" = "iPhone Developer";
				COPY_PHASE_STRIP = NO;
				DEBUG_INFORMATION_FORMAT = "dwarf-with-dsym";
				ENABLE_NS_ASSERTIONS = NO;
				ENABLE_STRICT_OBJC_MSGSEND = YES;
				GCC_C_LANGUAGE_STANDARD = gnu99;
				GCC_NO_COMMON_BLOCKS = YES;
				GCC_WARN_64_TO_32_BIT_CONVERSION = YES;
				GCC_WARN_ABOUT_RETURN_TYPE = YES_ERROR;
				GCC_WARN_UNDECLARED_SELECTOR = YES;
				GCC_WARN_UNINITIALIZED_AUTOS = YES_AGGRESSIVE;
				GCC_WARN_UNUSED_FUNCTION = YES;
				GCC_WARN_UNUSED_VARIABLE = YES;
				IPHONEOS_DEPLOYMENT_TARGET = 10.3;
				MTL_ENABLE_DEBUG_INFO = NO;
				SDKROOT = iphoneos;
				SWIFT_OPTIMIZATION_LEVEL = "-Owholemodule";
				TARGETED_DEVICE_FAMILY = "1,2";
				VALIDATE_PRODUCT = YES;
			};
			name = Release;
		};
		1AD361431F4461FC00B6125B /* Debug */ = {
			isa = XCBuildConfiguration;
			buildSettings = {
				ASSETCATALOG_COMPILER_APPICON_NAME = AppIcon;
				DEVELOPMENT_TEAM = DY5859UN44;
				INFOPLIST_FILE = ISE_Assignment1/Info.plist;
				LD_RUNPATH_SEARCH_PATHS = "$(inherited) @executable_path/Frameworks";
				PRODUCT_BUNDLE_IDENTIFIER = "Xuyang.ISE-Assignment1";
				PRODUCT_NAME = "$(TARGET_NAME)";
				SWIFT_VERSION = 3.0;
			};
			name = Debug;
		};
		1AD361441F4461FC00B6125B /* Release */ = {
			isa = XCBuildConfiguration;
			buildSettings = {
				ASSETCATALOG_COMPILER_APPICON_NAME = AppIcon;
				DEVELOPMENT_TEAM = DY5859UN44;
				INFOPLIST_FILE = ISE_Assignment1/Info.plist;
				LD_RUNPATH_SEARCH_PATHS = "$(inherited) @executable_path/Frameworks";
				PRODUCT_BUNDLE_IDENTIFIER = "Xuyang.ISE-Assignment1";
				PRODUCT_NAME = "$(TARGET_NAME)";
				SWIFT_VERSION = 3.0;
			};
			name = Release;
		};
		1AD361461F4461FC00B6125B /* Debug */ = {
			isa = XCBuildConfiguration;
			buildSettings = {
				ALWAYS_EMBED_SWIFT_STANDARD_LIBRARIES = YES;
				BUNDLE_LOADER = "$(TEST_HOST)";
				DEVELOPMENT_TEAM = DY5859UN44;
				INFOPLIST_FILE = ISE_Assignment1Tests/Info.plist;
				LD_RUNPATH_SEARCH_PATHS = "$(inherited) @executable_path/Frameworks @loader_path/Frameworks";
				PRODUCT_BUNDLE_IDENTIFIER = "Xuyang.ISE-Assignment1Tests";
				PRODUCT_NAME = "$(TARGET_NAME)";
				SWIFT_VERSION = 3.0;
				TEST_HOST = "$(BUILT_PRODUCTS_DIR)/ISE_Assignment1.app/ISE_Assignment1";
			};
			name = Debug;
		};
		1AD361471F4461FC00B6125B /* Release */ = {
			isa = XCBuildConfiguration;
			buildSettings = {
				ALWAYS_EMBED_SWIFT_STANDARD_LIBRARIES = YES;
				BUNDLE_LOADER = "$(TEST_HOST)";
				DEVELOPMENT_TEAM = DY5859UN44;
				INFOPLIST_FILE = ISE_Assignment1Tests/Info.plist;
				LD_RUNPATH_SEARCH_PATHS = "$(inherited) @executable_path/Frameworks @loader_path/Frameworks";
				PRODUCT_BUNDLE_IDENTIFIER = "Xuyang.ISE-Assignment1Tests";
				PRODUCT_NAME = "$(TARGET_NAME)";
				SWIFT_VERSION = 3.0;
				TEST_HOST = "$(BUILT_PRODUCTS_DIR)/ISE_Assignment1.app/ISE_Assignment1";
			};
			name = Release;
		};
		1AD361491F4461FC00B6125B /* Debug */ = {
			isa = XCBuildConfiguration;
			buildSettings = {
				ALWAYS_EMBED_SWIFT_STANDARD_LIBRARIES = YES;
				DEVELOPMENT_TEAM = DY5859UN44;
				INFOPLIST_FILE = ISE_Assignment1UITests/Info.plist;
				LD_RUNPATH_SEARCH_PATHS = "$(inherited) @executable_path/Frameworks @loader_path/Frameworks";
				PRODUCT_BUNDLE_IDENTIFIER = "Xuyang.ISE-Assignment1UITests";
				PRODUCT_NAME = "$(TARGET_NAME)";
				SWIFT_VERSION = 3.0;
				TEST_TARGET_NAME = ISE_Assignment1;
			};
			name = Debug;
		};
		1AD3614A1F4461FC00B6125B /* Release */ = {
			isa = XCBuildConfiguration;
			buildSettings = {
				ALWAYS_EMBED_SWIFT_STANDARD_LIBRARIES = YES;
				DEVELOPMENT_TEAM = DY5859UN44;
				INFOPLIST_FILE = ISE_Assignment1UITests/Info.plist;
				LD_RUNPATH_SEARCH_PATHS = "$(inherited) @executable_path/Frameworks @loader_path/Frameworks";
				PRODUCT_BUNDLE_IDENTIFIER = "Xuyang.ISE-Assignment1UITests";
				PRODUCT_NAME = "$(TARGET_NAME)";
				SWIFT_VERSION = 3.0;
				TEST_TARGET_NAME = ISE_Assignment1;
			};
			name = Release;
		};
/* End XCBuildConfiguration section */

/* Begin XCConfigurationList section */
		1AD361101F4461FC00B6125B /* Build configuration list for PBXProject "ISE_Assignment1" */ = {
			isa = XCConfigurationList;
			buildConfigurations = (
				1AD361401F4461FC00B6125B /* Debug */,
				1AD361411F4461FC00B6125B /* Release */,
			);
			defaultConfigurationIsVisible = 0;
			defaultConfigurationName = Release;
		};
		1AD361421F4461FC00B6125B /* Build configuration list for PBXNativeTarget "ISE_Assignment1" */ = {
			isa = XCConfigurationList;
			buildConfigurations = (
				1AD361431F4461FC00B6125B /* Debug */,
				1AD361441F4461FC00B6125B /* Release */,
			);
			defaultConfigurationIsVisible = 0;
		};
		1AD361451F4461FC00B6125B /* Build configuration list for PBXNativeTarget "ISE_Assignment1Tests" */ = {
			isa = XCConfigurationList;
			buildConfigurations = (
				1AD361461F4461FC00B6125B /* Debug */,
				1AD361471F4461FC00B6125B /* Release */,
			);
			defaultConfigurationIsVisible = 0;
		};
		1AD361481F4461FC00B6125B /* Build configuration list for PBXNativeTarget "ISE_Assignment1UITests" */ = {
			isa = XCConfigurationList;
			buildConfigurations = (
				1AD361491F4461FC00B6125B /* Debug */,
				1AD3614A1F4461FC00B6125B /* Release */,
			);
			defaultConfigurationIsVisible = 0;
		};
/* End XCConfigurationList section */

/* Begin XCVersionGroup section */
		1AD3611A1F4461FC00B6125B /* ISE_Assignment1.xcdatamodeld */ = {
			isa = XCVersionGroup;
			children = (
				1AD3611B1F4461FC00B6125B /* ISE_Assignment1.xcdatamodel */,
			);
			currentVersion = 1AD3611B1F4461FC00B6125B /* ISE_Assignment1.xcdatamodel */;
			path = ISE_Assignment1.xcdatamodeld;
			sourceTree = "<group>";
			versionGroupType = wrapper.xcdatamodel;
		};
/* End XCVersionGroup section */
	};
	rootObject = 1AD3610D1F4461FC00B6125B /* Project object */;
}
